
Microsoft Visual Studio Solution File, Format Version 12.00
# Visual Studio 15
VisualStudioVersion = 15.0.28307.1000
MinimumVisualStudioVersion = 10.0.40219.1
Project("{FAE04EC0-301F-11D3-BF4B-00C04F79EFBC}") = "AspNetDemoD1", "AspNetDemoD1\AspNetDemoD1.csproj", "{D851298F-E60F-40C9-A1D5-EFAAB1FD78AE}"
EndProject
Global
	GlobalSection(SolutionConfigurationPlatforms) = preSolution
		Debug|Any CPU = Debug|Any CPU
		Release|Any CPU = Release|Any CPU
	EndGlobalSection
	GlobalSection(ProjectConfigurationPlatforms) = postSolution
		{D851298F-E60F-40C9-A1D5-EFAAB1FD78AE}.Debug|Any CPU.ActiveCfg = Debug|Any CPU
		{D851298F-E60F-40C9-A1D5-EFAAB1FD78AE}.Debug|Any CPU.Build.0 = Debug|Any CPU
		{D851298F-E60F-40C9-A1D5-EFAAB1FD78AE}.Release|Any CPU.ActiveCfg = Release|Any CPU
		{D851298F-E60F-40C9-A1D5-EFAAB1FD78AE}.Release|Any CPU.Build.0 = Release|Any CPU
	EndGlobalSection
	GlobalSection(SolutionProperties) = preSolution
		HideSolutionNode = FALSE
	EndGlobalSection
	GlobalSection(ExtensibilityGlobals) = postSolution
		SolutionGuid = {522FF513-629A-44B9-8CC6-D2883720C035}
	EndGlobalSection
EndGlobal
